// !$*UTF8*$!
{
	archiveVersion = 1;
	classes = {
	};
	objectVersion = 50;
	objects = {

/* Begin PBXBuildFile section */
		2A170C0724948B5B00CD37DB /* AppDelegate.swift in Sources */ = {isa = PBXBuildFile; fileRef = 2A170C0624948B5B00CD37DB /* AppDelegate.swift */; };
		2A170C0924948B5B00CD37DB /* SceneDelegate.swift in Sources */ = {isa = PBXBuildFile; fileRef = 2A170C0824948B5B00CD37DB /* SceneDelegate.swift */; };
		2A170C0B24948B5B00CD37DB /* NoteTableViewController.swift in Sources */ = {isa = PBXBuildFile; fileRef = 2A170C0A24948B5B00CD37DB /* NoteTableViewController.swift */; };
		2A170C0E24948B5B00CD37DB /* Main.storyboard in Resources */ = {isa = PBXBuildFile; fileRef = 2A170C0C24948B5B00CD37DB /* Main.storyboard */; };
		2A170C1024948B5B00CD37DB /* Assets.xcassets in Resources */ = {isa = PBXBuildFile; fileRef = 2A170C0F24948B5B00CD37DB /* Assets.xcassets */; };
		2A170C1324948B5B00CD37DB /* LaunchScreen.storyboard in Resources */ = {isa = PBXBuildFile; fileRef = 2A170C1124948B5B00CD37DB /* LaunchScreen.storyboard */; };
		2A3D840C24A02DAE00DCF808 /* RecordViewController.swift in Sources */ = {isa = PBXBuildFile; fileRef = 2A3D840B24A02DAE00DCF808 /* RecordViewController.swift */; };
		2ADB64D724968EA000EC55F9 /* NewNoteViewController.swift in Sources */ = {isa = PBXBuildFile; fileRef = 2ADB64D624968EA000EC55F9 /* NewNoteViewController.swift */; };
		2ADB64D92496910200EC55F9 /* NoteDetailViewController.swift in Sources */ = {isa = PBXBuildFile; fileRef = 2ADB64D82496910200EC55F9 /* NoteDetailViewController.swift */; };
		2ADB65252499447400EC55F9 /* attach.png in Resources */ = {isa = PBXBuildFile; fileRef = 2ADB65242499447400EC55F9 /* attach.png */; };
		8EC4D6E0249C1D2E003D14AF /* LocationViewController.swift in Sources */ = {isa = PBXBuildFile; fileRef = 8EC4D6DF249C1D2E003D14AF /* LocationViewController.swift */; };
		8EC4D706249D4BA5003D14AF /* note_elite_FP.xcdatamodeld in Sources */ = {isa = PBXBuildFile; fileRef = 8EC4D704249D4BA5003D14AF /* note_elite_FP.xcdatamodeld */; };
		8EC4D74F249F166E003D14AF /* FolderTableViewController.swift in Sources */ = {isa = PBXBuildFile; fileRef = 8EC4D74E249F166E003D14AF /* FolderTableViewController.swift */; };
/* End PBXBuildFile section */

/* Begin PBXFileReference section */
		2A170C0324948B5B00CD37DB /* note_elite_FP.app */ = {isa = PBXFileReference; explicitFileType = wrapper.application; includeInIndex = 0; path = note_elite_FP.app; sourceTree = BUILT_PRODUCTS_DIR; };
		2A170C0624948B5B00CD37DB /* AppDelegate.swift */ = {isa = PBXFileReference; lastKnownFileType = sourcecode.swift; path = AppDelegate.swift; sourceTree = "<group>"; };
		2A170C0824948B5B00CD37DB /* SceneDelegate.swift */ = {isa = PBXFileReference; lastKnownFileType = sourcecode.swift; path = SceneDelegate.swift; sourceTree = "<group>"; };
		2A170C0A24948B5B00CD37DB /* NoteTableViewController.swift */ = {isa = PBXFileReference; lastKnownFileType = sourcecode.swift; path = NoteTableViewController.swift; sourceTree = "<group>"; };
		2A170C0D24948B5B00CD37DB /* Base */ = {isa = PBXFileReference; lastKnownFileType = file.storyboard; name = Base; path = Base.lproj/Main.storyboard; sourceTree = "<group>"; };
		2A170C0F24948B5B00CD37DB /* Assets.xcassets */ = {isa = PBXFileReference; lastKnownFileType = folder.assetcatalog; path = Assets.xcassets; sourceTree = "<group>"; };
		2A170C1224948B5B00CD37DB /* Base */ = {isa = PBXFileReference; lastKnownFileType = file.storyboard; name = Base; path = Base.lproj/LaunchScreen.storyboard; sourceTree = "<group>"; };
		2A170C1424948B5B00CD37DB /* Info.plist */ = {isa = PBXFileReference; lastKnownFileType = text.plist.xml; path = Info.plist; sourceTree = "<group>"; };
		2A3D840B24A02DAE00DCF808 /* RecordViewController.swift */ = {isa = PBXFileReference; lastKnownFileType = sourcecode.swift; path = RecordViewController.swift; sourceTree = "<group>"; };
		2ADB64D624968EA000EC55F9 /* NewNoteViewController.swift */ = {isa = PBXFileReference; lastKnownFileType = sourcecode.swift; path = NewNoteViewController.swift; sourceTree = "<group>"; };
		2ADB64D82496910200EC55F9 /* NoteDetailViewController.swift */ = {isa = PBXFileReference; lastKnownFileType = sourcecode.swift; path = NoteDetailViewController.swift; sourceTree = "<group>"; };
		2ADB65242499447400EC55F9 /* attach.png */ = {isa = PBXFileReference; lastKnownFileType = image.png; path = attach.png; sourceTree = "<group>"; };
		8EC4D6DF249C1D2E003D14AF /* LocationViewController.swift */ = {isa = PBXFileReference; lastKnownFileType = sourcecode.swift; path = LocationViewController.swift; sourceTree = "<group>"; };
		8EC4D705249D4BA5003D14AF /* note_elite_FP.xcdatamodel */ = {isa = PBXFileReference; lastKnownFileType = wrapper.xcdatamodel; path = note_elite_FP.xcdatamodel; sourceTree = "<group>"; };
		8EC4D74E249F166E003D14AF /* FolderTableViewController.swift */ = {isa = PBXFileReference; lastKnownFileType = sourcecode.swift; path = FolderTableViewController.swift; sourceTree = "<group>"; };
/* End PBXFileReference section */

/* Begin PBXFrameworksBuildPhase section */
		2A170C0024948B5B00CD37DB /* Frameworks */ = {
			isa = PBXFrameworksBuildPhase;
			buildActionMask = 2147483647;
			files = (
			);
			runOnlyForDeploymentPostprocessing = 0;
		};
/* End PBXFrameworksBuildPhase section */

/* Begin PBXGroup section */
		2A170BFA24948B5B00CD37DB = {
			isa = PBXGroup;
			children = (
				2A170C0524948B5B00CD37DB /* note_elite_FP */,
				2A170C0424948B5B00CD37DB /* Products */,
			);
			sourceTree = "<group>";
		};
		2A170C0424948B5B00CD37DB /* Products */ = {
			isa = PBXGroup;
			children = (
				2A170C0324948B5B00CD37DB /* note_elite_FP.app */,
			);
			name = Products;
			sourceTree = "<group>";
		};
		2A170C0524948B5B00CD37DB /* note_elite_FP */ = {
			isa = PBXGroup;
			children = (
				8EC4D74D249F0FB5003D14AF /* Model */,
				8EC4D74C249F0F96003D14AF /* View */,
				8EC4D6DC2497F9A0003D14AF /* Controllers */,
				2A170C0624948B5B00CD37DB /* AppDelegate.swift */,
				2A170C0824948B5B00CD37DB /* SceneDelegate.swift */,
				2A170C0F24948B5B00CD37DB /* Assets.xcassets */,
				2ADB65242499447400EC55F9 /* attach.png */,
				2A170C1124948B5B00CD37DB /* LaunchScreen.storyboard */,
				2A170C1424948B5B00CD37DB /* Info.plist */,
			);
			path = note_elite_FP;
			sourceTree = "<group>";
		};
		8EC4D6DC2497F9A0003D14AF /* Controllers */ = {
			isa = PBXGroup;
			children = (
				2A170C0A24948B5B00CD37DB /* NoteTableViewController.swift */,
				2ADB64D624968EA000EC55F9 /* NewNoteViewController.swift */,
				2ADB64D82496910200EC55F9 /* NoteDetailViewController.swift */,
				8EC4D6DF249C1D2E003D14AF /* LocationViewController.swift */,
				8EC4D74E249F166E003D14AF /* FolderTableViewController.swift */,
				2A3D840B24A02DAE00DCF808 /* RecordViewController.swift */,
			);
			path = Controllers;
			sourceTree = "<group>";
		};
		8EC4D74C249F0F96003D14AF /* View */ = {
			isa = PBXGroup;
			children = (
				2A170C0C24948B5B00CD37DB /* Main.storyboard */,
			);
			path = View;
			sourceTree = "<group>";
		};
		8EC4D74D249F0FB5003D14AF /* Model */ = {
			isa = PBXGroup;
			children = (
				8EC4D704249D4BA5003D14AF /* note_elite_FP.xcdatamodeld */,
			);
			path = Model;
			sourceTree = "<group>";
		};
/* End PBXGroup section */

/* Begin PBXNativeTarget section */
		2A170C0224948B5B00CD37DB /* note_elite_FP */ = {
			isa = PBXNativeTarget;
			buildConfigurationList = 2A170C1724948B5B00CD37DB /* Build configuration list for PBXNativeTarget "note_elite_FP" */;
			buildPhases = (
				2A170BFF24948B5B00CD37DB /* Sources */,
				2A170C0024948B5B00CD37DB /* Frameworks */,
				2A170C0124948B5B00CD37DB /* Resources */,
			);
			buildRules = (
			);
			dependencies = (
			);
			name = note_elite_FP;
			productName = note_elite_FP;
			productReference = 2A170C0324948B5B00CD37DB /* note_elite_FP.app */;
			productType = "com.apple.product-type.application";
		};
/* End PBXNativeTarget section */

/* Begin PBXProject section */
		2A170BFB24948B5B00CD37DB /* Project object */ = {
			isa = PBXProject;
			attributes = {
				LastSwiftUpdateCheck = 1150;
				LastUpgradeCheck = 1150;
				ORGANIZATIONNAME = "Aman Kaur";
				TargetAttributes = {
					2A170C0224948B5B00CD37DB = {
						CreatedOnToolsVersion = 11.5;
					};
				};
			};
			buildConfigurationList = 2A170BFE24948B5B00CD37DB /* Build configuration list for PBXProject "note_elite_FP" */;
			compatibilityVersion = "Xcode 9.3";
			developmentRegion = en;
			hasScannedForEncodings = 0;
			knownRegions = (
				en,
				Base,
			);
			mainGroup = 2A170BFA24948B5B00CD37DB;
			productRefGroup = 2A170C0424948B5B00CD37DB /* Products */;
			projectDirPath = "";
			projectRoot = "";
			targets = (
				2A170C0224948B5B00CD37DB /* note_elite_FP */,
			);
		};
/* End PBXProject section */

/* Begin PBXResourcesBuildPhase section */
		2A170C0124948B5B00CD37DB /* Resources */ = {
			isa = PBXResourcesBuildPhase;
			buildActionMask = 2147483647;
			files = (
				2A170C1324948B5B00CD37DB /* LaunchScreen.storyboard in Resources */,
				2A170C1024948B5B00CD37DB /* Assets.xcassets in Resources */,
				2ADB65252499447400EC55F9 /* attach.png in Resources */,
				2A170C0E24948B5B00CD37DB /* Main.storyboard in Resources */,
			);
			runOnlyForDeploymentPostprocessing = 0;
		};
/* End PBXResourcesBuildPhase section */

/* Begin PBXSourcesBuildPhase section */
		2A170BFF24948B5B00CD37DB /* Sources */ = {
			isa = PBXSourcesBuildPhase;
			buildActionMask = 2147483647;
			files = (
				2A170C0B24948B5B00CD37DB /* NoteTableViewController.swift in Sources */,
				2ADB64D724968EA000EC55F9 /* NewNoteViewController.swift in Sources */,
				2ADB64D92496910200EC55F9 /* NoteDetailViewController.swift in Sources */,
				2A3D840C24A02DAE00DCF808 /* RecordViewController.swift in Sources */,
				8EC4D706249D4BA5003D14AF /* note_elite_FP.xcdatamodeld in Sources */,
				8EC4D6E0249C1D2E003D14AF /* LocationViewController.swift in Sources */,
				8EC4D74F249F166E003D14AF /* FolderTableViewController.swift in Sources */,
				2A170C0724948B5B00CD37DB /* AppDelegate.swift in Sources */,
				2A170C0924948B5B00CD37DB /* SceneDelegate.swift in Sources */,
			);
			runOnlyForDeploymentPostprocessing = 0;
		};
/* End PBXSourcesBuildPhase section */

/* Begin PBXVariantGroup section */
		2A170C0C24948B5B00CD37DB /* Main.storyboard */ = {
			isa = PBXVariantGroup;
			children = (
				2A170C0D24948B5B00CD37DB /* Base */,
			);
			name = Main.storyboard;
			sourceTree = "<group>";
		};
		2A170C1124948B5B00CD37DB /* LaunchScreen.storyboard */ = {
			isa = PBXVariantGroup;
			children = (
				2A170C1224948B5B00CD37DB /* Base */,
			);
			name = LaunchScreen.storyboard;
			sourceTree = "<group>";
		};
/* End PBXVariantGroup section */

/* Begin XCBuildConfiguration section */
		2A170C1524948B5B00CD37DB /* Debug */ = {
			isa = XCBuildConfiguration;
			buildSettings = {
				ALWAYS_SEARCH_USER_PATHS = NO;
				CLANG_ANALYZER_NONNULL = YES;
				CLANG_ANALYZER_NUMBER_OBJECT_CONVERSION = YES_AGGRESSIVE;
				CLANG_CXX_LANGUAGE_STANDARD = "gnu++14";
				CLANG_CXX_LIBRARY = "libc++";
				CLANG_ENABLE_MODULES = YES;
				CLANG_ENABLE_OBJC_ARC = YES;
				CLANG_ENABLE_OBJC_WEAK = YES;
				CLANG_WARN_BLOCK_CAPTURE_AUTORELEASING = YES;
				CLANG_WARN_BOOL_CONVERSION = YES;
				CLANG_WARN_COMMA = YES;
				CLANG_WARN_CONSTANT_CONVERSION = YES;
				CLANG_WARN_DEPRECATED_OBJC_IMPLEMENTATIONS = YES;
				CLANG_WARN_DIRECT_OBJC_ISA_USAGE = YES_ERROR;
				CLANG_WARN_DOCUMENTATION_COMMENTS = YES;
				CLANG_WARN_EMPTY_BODY = YES;
				CLANG_WARN_ENUM_CONVERSION = YES;
				CLANG_WARN_INFINITE_RECURSION = YES;
				CLANG_WARN_INT_CONVERSION = YES;
				CLANG_WARN_NON_LITERAL_NULL_CONVERSION = YES;
				CLANG_WARN_OBJC_IMPLICIT_RETAIN_SELF = YES;
				CLANG_WARN_OBJC_LITERAL_CONVERSION = YES;
				CLANG_WARN_OBJC_ROOT_CLASS = YES_ERROR;
				CLANG_WARN_RANGE_LOOP_ANALYSIS = YES;
				CLANG_WARN_STRICT_PROTOTYPES = YES;
				CLANG_WARN_SUSPICIOUS_MOVE = YES;
				CLANG_WARN_UNGUARDED_AVAILABILITY = YES_AGGRESSIVE;
				CLANG_WARN_UNREACHABLE_CODE = YES;
				CLANG_WARN__DUPLICATE_METHOD_MATCH = YES;
				COPY_PHASE_STRIP = NO;
				DEBUG_INFORMATION_FORMAT = dwarf;
				ENABLE_STRICT_OBJC_MSGSEND = YES;
				ENABLE_TESTABILITY = YES;
				GCC_C_LANGUAGE_STANDARD = gnu11;
				GCC_DYNAMIC_NO_PIC = NO;
				GCC_NO_COMMON_BLOCKS = YES;
				GCC_OPTIMIZATION_LEVEL = 0;
				GCC_PREPROCESSOR_DEFINITIONS = (
					"DEBUG=1",
					"$(inherited)",
				);
				GCC_WARN_64_TO_32_BIT_CONVERSION = YES;
				GCC_WARN_ABOUT_RETURN_TYPE = YES_ERROR;
				GCC_WARN_UNDECLARED_SELECTOR = YES;
				GCC_WARN_UNINITIALIZED_AUTOS = YES_AGGRESSIVE;
				GCC_WARN_UNUSED_FUNCTION = YES;
				GCC_WARN_UNUSED_VARIABLE = YES;
				IPHONEOS_DEPLOYMENT_TARGET = 13.5;
				MTL_ENABLE_DEBUG_INFO = INCLUDE_SOURCE;
				MTL_FAST_MATH = YES;
				ONLY_ACTIVE_ARCH = YES;
				SDKROOT = iphoneos;
				SWIFT_ACTIVE_COMPILATION_CONDITIONS = DEBUG;
				SWIFT_OPTIMIZATION_LEVEL = "-Onone";
			};
			name = Debug;
		};
		2A170C1624948B5B00CD37DB /* Release */ = {
			isa = XCBuildConfiguration;
			buildSettings = {
				ALWAYS_SEARCH_USER_PATHS = NO;
				CLANG_ANALYZER_NONNULL = YES;
				CLANG_ANALYZER_NUMBER_OBJECT_CONVERSION = YES_AGGRESSIVE;
				CLANG_CXX_LANGUAGE_STANDARD = "gnu++14";
				CLANG_CXX_LIBRARY = "libc++";
				CLANG_ENABLE_MODULES = YES;
				CLANG_ENABLE_OBJC_ARC = YES;
				CLANG_ENABLE_OBJC_WEAK = YES;
				CLANG_WARN_BLOCK_CAPTURE_AUTORELEASING = YES;
				CLANG_WARN_BOOL_CONVERSION = YES;
				CLANG_WARN_COMMA = YES;
				CLANG_WARN_CONSTANT_CONVERSION = YES;
				CLANG_WARN_DEPRECATED_OBJC_IMPLEMENTATIONS = YES;
				CLANG_WARN_DIRECT_OBJC_ISA_USAGE = YES_ERROR;
				CLANG_WARN_DOCUMENTATION_COMMENTS = YES;
				CLANG_WARN_EMPTY_BODY = YES;
				CLANG_WARN_ENUM_CONVERSION = YES;
				CLANG_WARN_INFINITE_RECURSION = YES;
				CLANG_WARN_INT_CONVERSION = YES;
				CLANG_WARN_NON_LITERAL_NULL_CONVERSION = YES;
				CLANG_WARN_OBJC_IMPLICIT_RETAIN_SELF = YES;
				CLANG_WARN_OBJC_LITERAL_CONVERSION = YES;
				CLANG_WARN_OBJC_ROOT_CLASS = YES_ERROR;
				CLANG_WARN_RANGE_LOOP_ANALYSIS = YES;
				CLANG_WARN_STRICT_PROTOTYPES = YES;
				CLANG_WARN_SUSPICIOUS_MOVE = YES;
				CLANG_WARN_UNGUARDED_AVAILABILITY = YES_AGGRESSIVE;
				CLANG_WARN_UNREACHABLE_CODE = YES;
				CLANG_WARN__DUPLICATE_METHOD_MATCH = YES;
				COPY_PHASE_STRIP = NO;
				DEBUG_INFORMATION_FORMAT = "dwarf-with-dsym";
				ENABLE_NS_ASSERTIONS = NO;
				ENABLE_STRICT_OBJC_MSGSEND = YES;
				GCC_C_LANGUAGE_STANDARD = gnu11;
				GCC_NO_COMMON_BLOCKS = YES;
				GCC_WARN_64_TO_32_BIT_CONVERSION = YES;
				GCC_WARN_ABOUT_RETURN_TYPE = YES_ERROR;
				GCC_WARN_UNDECLARED_SELECTOR = YES;
				GCC_WARN_UNINITIALIZED_AUTOS = YES_AGGRESSIVE;
				GCC_WARN_UNUSED_FUNCTION = YES;
				GCC_WARN_UNUSED_VARIABLE = YES;
				IPHONEOS_DEPLOYMENT_TARGET = 13.5;
				MTL_ENABLE_DEBUG_INFO = NO;
				MTL_FAST_MATH = YES;
				SDKROOT = iphoneos;
				SWIFT_COMPILATION_MODE = wholemodule;
				SWIFT_OPTIMIZATION_LEVEL = "-O";
				VALIDATE_PRODUCT = YES;
			};
			name = Release;
		};
		2A170C1824948B5B00CD37DB /* Debug */ = {
			isa = XCBuildConfiguration;
			buildSettings = {
				ASSETCATALOG_COMPILER_APPICON_NAME = AppIcon;
				CODE_SIGN_STYLE = Automatic;
				DEVELOPMENT_TEAM = VTV2KB77ZW;
				INFOPLIST_FILE = note_elite_FP/Info.plist;
				LD_RUNPATH_SEARCH_PATHS = (
					"$(inherited)",
					"@executable_path/Frameworks",
				);
				PRODUCT_BUNDLE_IDENTIFIER = "com.lambton.note-elite-FP";
				PRODUCT_NAME = "$(TARGET_NAME)";
				SWIFT_VERSION = 5.0;
				TARGETED_DEVICE_FAMILY = "1,2";
			};
			name = Debug;
		};
		2A170C1924948B5B00CD37DB /* Release */ = {
			isa = XCBuildConfiguration;
			buildSettings = {
				ASSETCATALOG_COMPILER_APPICON_NAME = AppIcon;
				CODE_SIGN_STYLE = Automatic;
				DEVELOPMENT_TEAM = VTV2KB77ZW;
				INFOPLIST_FILE = note_elite_FP/Info.plist;
				LD_RUNPATH_SEARCH_PATHS = (
					"$(inherited)",
					"@executable_path/Frameworks",
				);
				PRODUCT_BUNDLE_IDENTIFIER = "com.lambton.note-elite-FP";
				PRODUCT_NAME = "$(TARGET_NAME)";
				SWIFT_VERSION = 5.0;
				TARGETED_DEVICE_FAMILY = "1,2";
			};
			name = Release;
		};
/* End XCBuildConfiguration section */

/* Begin XCConfigurationList section */
		2A170BFE24948B5B00CD37DB /* Build configuration list for PBXProject "note_elite_FP" */ = {
			isa = XCConfigurationList;
			buildConfigurations = (
				2A170C1524948B5B00CD37DB /* Debug */,
				2A170C1624948B5B00CD37DB /* Release */,
			);
			defaultConfigurationIsVisible = 0;
			defaultConfigurationName = Release;
		};
		2A170C1724948B5B00CD37DB /* Build configuration list for PBXNativeTarget "note_elite_FP" */ = {
			isa = XCConfigurationList;
			buildConfigurations = (
				2A170C1824948B5B00CD37DB /* Debug */,
				2A170C1924948B5B00CD37DB /* Release */,
			);
			defaultConfigurationIsVisible = 0;
			defaultConfigurationName = Release;
		};
/* End XCConfigurationList section */

/* Begin XCVersionGroup section */
		8EC4D704249D4BA5003D14AF /* note_elite_FP.xcdatamodeld */ = {
			isa = XCVersionGroup;
			children = (
				8EC4D705249D4BA5003D14AF /* note_elite_FP.xcdatamodel */,
			);
			currentVersion = 8EC4D705249D4BA5003D14AF /* note_elite_FP.xcdatamodel */;
			path = note_elite_FP.xcdatamodeld;
			sourceTree = "<group>";
			versionGroupType = wrapper.xcdatamodel;
		};
/* End XCVersionGroup section */
	};
	rootObject = 2A170BFB24948B5B00CD37DB /* Project object */;
}
